{
  "pins" : [
    {
      "identity" : "vlbeaconswift",
      "kind" : "remoteSourceControl",
      "location" : "https://github.com/farazvl/VLBeaconSwift.git",
      "state" : {
        "revision" : "905668a894e52c89f6d1d1d65e81bac086bd7e82",
        "version" : "1.0.3"
      }
    }
  ],
  "version" : 2
}
