{
  "pins" : [
    {
      "identity" : "vlbeaconswift",
      "kind" : "remoteSourceControl",
      "location" : "https://github.com/farazvl/VLBeaconSwift.git",
      "state" : {
        "branch" : "main",
        "revision" : "75a7107fdf9117d86023e66b8668ee1f82606cc6"
      }
    }
  ],
  "version" : 2
}
