{
  "pins" : [
    {
      "identity" : "vlbeaconswift",
      "kind" : "remoteSourceControl",
      "location" : "https://github.com/farazvl/VLBeaconSwift.git",
      "state" : {
        "branch" : "main",
        "revision" : "0444fe582fe85633fe59adad115a02dbb44eb6a0"
      }
    }
  ],
  "version" : 2
}
